Microsoft Visual Studio Solution File, Format Version 12.00
# Visual Studio Version 17
VisualStudioVersion = 17.5.2.0
MinimumVisualStudioVersion = 10.0.40219.1
Project("{FAE04EC0-301F-11D3-BF4B-00C04F79EFBC}") = "Reto_0_Backend", "Reto_0_Backend.csproj", "{8AF35A92-4693-3FC8-6431-0194E48C90D7}"
EndProject
Global
	GlobalSection(SolutionConfigurationPlatforms) = preSolution
		Debug|Any CPU = Debug|Any CPU
		Release|Any CPU = Release|Any CPU
	EndGlobalSection
	GlobalSection(ProjectConfigurationPlatforms) = postSolution
		{8AF35A92-4693-3FC8-6431-0194E48C90D7}.Debug|Any CPU.ActiveCfg = Debug|Any CPU
		{8AF35A92-4693-3FC8-6431-0194E48C90D7}.Debug|Any CPU.Build.0 = Debug|Any CPU
		{8AF35A92-4693-3FC8-6431-0194E48C90D7}.Release|Any CPU.ActiveCfg = Release|Any CPU
		{8AF35A92-4693-3FC8-6431-0194E48C90D7}.Release|Any CPU.Build.0 = Release|Any CPU
	EndGlobalSection
	GlobalSection(SolutionProperties) = preSolution
		HideSolutionNode = FALSE
	EndGlobalSection
	GlobalSection(ExtensibilityGlobals) = postSolution
		SolutionGuid = {45032F53-0D53-41CA-A47C-CB361F40EA05}
	EndGlobalSection
EndGlobal
